
Microsoft Visual Studio Solution File, Format Version 12.00
# Visual Studio 2013
VisualStudioVersion = 12.0.31101.0
MinimumVisualStudioVersion = 10.0.40219.1
Project("{8BC9CEB8-8B4A-11D0-8D11-00A0C91BC942}") = "xllrandom", "xllrandom.vcxproj", "{2E028EEF-104B-4493-ADE6-5471F507DE48}"
EndProject
Project("{8BC9CEB8-8B4A-11D0-8D11-00A0C91BC942}") = "xll", "..\xll8\xll.vcxproj", "{8B15C18C-4C25-476C-ABBD-88BE05C35A3E}"
EndProject
Global
	GlobalSection(SolutionConfigurationPlatforms) = preSolution
		Debug|Win32 = Debug|Win32
		Debug|x64 = Debug|x64
		Release|Win32 = Release|Win32
		Release|x64 = Release|x64
	EndGlobalSection
	GlobalSection(ProjectConfigurationPlatforms) = postSolution
		{2E028EEF-104B-4493-ADE6-5471F507DE48}.Debug|Win32.ActiveCfg = Debug|Win32
		{2E028EEF-104B-4493-ADE6-5471F507DE48}.Debug|Win32.Build.0 = Debug|Win32
		{2E028EEF-104B-4493-ADE6-5471F507DE48}.Debug|x64.ActiveCfg = Debug|Win32
		{2E028EEF-104B-4493-ADE6-5471F507DE48}.Release|Win32.ActiveCfg = Release|Win32
		{2E028EEF-104B-4493-ADE6-5471F507DE48}.Release|Win32.Build.0 = Release|Win32
		{2E028EEF-104B-4493-ADE6-5471F507DE48}.Release|x64.ActiveCfg = Release|Win32
		{8B15C18C-4C25-476C-ABBD-88BE05C35A3E}.Debug|Win32.ActiveCfg = Debug|Win32
		{8B15C18C-4C25-476C-ABBD-88BE05C35A3E}.Debug|Win32.Build.0 = Debug|Win32
		{8B15C18C-4C25-476C-ABBD-88BE05C35A3E}.Debug|x64.ActiveCfg = Debug|x64
		{8B15C18C-4C25-476C-ABBD-88BE05C35A3E}.Debug|x64.Build.0 = Debug|x64
		{8B15C18C-4C25-476C-ABBD-88BE05C35A3E}.Release|Win32.ActiveCfg = Release|Win32
		{8B15C18C-4C25-476C-ABBD-88BE05C35A3E}.Release|Win32.Build.0 = Release|Win32
		{8B15C18C-4C25-476C-ABBD-88BE05C35A3E}.Release|x64.ActiveCfg = Release|x64
		{8B15C18C-4C25-476C-ABBD-88BE05C35A3E}.Release|x64.Build.0 = Release|x64
	EndGlobalSection
	GlobalSection(SolutionProperties) = preSolution
		HideSolutionNode = FALSE
	EndGlobalSection
	GlobalSection(SubversionScc) = preSolution
		Svn-Managed = True
		Manager = AnkhSVN - Subversion Support for Visual Studio
	EndGlobalSection
EndGlobal
